
Microsoft Visual Studio Solution File, Format Version 12.00
# Visual Studio 2013
VisualStudioVersion = 12.0.30501.0
MinimumVisualStudioVersion = 10.0.40219.1
Project("{FAE04EC0-301F-11D3-BF4B-00C04F79EFBC}") = "Runt", "src\Runt\Runt.csproj", "{EA43D710-810E-44FB-B99C-34A9E6901DD6}"
EndProject
Project("{FAE04EC0-301F-11D3-BF4B-00C04F79EFBC}") = "Runt.Kvm", "src\Runt.Kvm\Runt.Kvm.csproj", "{C44CAE2C-8F7F-4E2B-8868-9F0B4219752B}"
EndProject
Project("{FAE04EC0-301F-11D3-BF4B-00C04F79EFBC}") = "Runt.DesignTimeHost", "src\Runt.DesignTimeHost\Runt.DesignTimeHost.csproj", "{DF40E7D2-EE4A-47B8-AD1F-5CE5B20EE5D8}"
EndProject
Project("{FAE04EC0-301F-11D3-BF4B-00C04F79EFBC}") = "Runt.Core", "Runt.Core\Runt.Core.csproj", "{319FCFE5-871C-4541-8856-49EF7659AFE6}"
EndProject
Global
	GlobalSection(SolutionConfigurationPlatforms) = preSolution
		Debug|Any CPU = Debug|Any CPU
		Release|Any CPU = Release|Any CPU
	EndGlobalSection
	GlobalSection(ProjectConfigurationPlatforms) = postSolution
		{EA43D710-810E-44FB-B99C-34A9E6901DD6}.Debug|Any CPU.ActiveCfg = Debug|Any CPU
		{EA43D710-810E-44FB-B99C-34A9E6901DD6}.Debug|Any CPU.Build.0 = Debug|Any CPU
		{EA43D710-810E-44FB-B99C-34A9E6901DD6}.Release|Any CPU.ActiveCfg = Release|Any CPU
		{EA43D710-810E-44FB-B99C-34A9E6901DD6}.Release|Any CPU.Build.0 = Release|Any CPU
		{C44CAE2C-8F7F-4E2B-8868-9F0B4219752B}.Debug|Any CPU.ActiveCfg = Debug|Any CPU
		{C44CAE2C-8F7F-4E2B-8868-9F0B4219752B}.Debug|Any CPU.Build.0 = Debug|Any CPU
		{C44CAE2C-8F7F-4E2B-8868-9F0B4219752B}.Release|Any CPU.ActiveCfg = Release|Any CPU
		{C44CAE2C-8F7F-4E2B-8868-9F0B4219752B}.Release|Any CPU.Build.0 = Release|Any CPU
		{DF40E7D2-EE4A-47B8-AD1F-5CE5B20EE5D8}.Debug|Any CPU.ActiveCfg = Debug|Any CPU
		{DF40E7D2-EE4A-47B8-AD1F-5CE5B20EE5D8}.Debug|Any CPU.Build.0 = Debug|Any CPU
		{DF40E7D2-EE4A-47B8-AD1F-5CE5B20EE5D8}.Release|Any CPU.ActiveCfg = Release|Any CPU
		{DF40E7D2-EE4A-47B8-AD1F-5CE5B20EE5D8}.Release|Any CPU.Build.0 = Release|Any CPU
		{319FCFE5-871C-4541-8856-49EF7659AFE6}.Debug|Any CPU.ActiveCfg = Debug|Any CPU
		{319FCFE5-871C-4541-8856-49EF7659AFE6}.Debug|Any CPU.Build.0 = Debug|Any CPU
		{319FCFE5-871C-4541-8856-49EF7659AFE6}.Release|Any CPU.ActiveCfg = Release|Any CPU
		{319FCFE5-871C-4541-8856-49EF7659AFE6}.Release|Any CPU.Build.0 = Release|Any CPU
	EndGlobalSection
	GlobalSection(SolutionProperties) = preSolution
		HideSolutionNode = FALSE
	EndGlobalSection
EndGlobal
